
Microsoft Visual Studio Solution File, Format Version 12.00
# Visual Studio Version 17
VisualStudioVersion = 17.8.34408.163
MinimumVisualStudioVersion = 10.0.40219.1
Project("{FAE04EC0-301F-11D3-BF4B-00C04F79EFBC}") = "Calkulatorwalut", "Calkulatorwalut.csproj", "{341046D4-C684-4486-8FC3-6DBCE10BB08F}"
EndProject
Global
	GlobalSection(SolutionConfigurationPlatforms) = preSolution
		Debug|Any CPU = Debug|Any CPU
		Release|Any CPU = Release|Any CPU
	EndGlobalSection
	GlobalSection(ProjectConfigurationPlatforms) = postSolution
		{341046D4-C684-4486-8FC3-6DBCE10BB08F}.Debug|Any CPU.ActiveCfg = Debug|Any CPU
		{341046D4-C684-4486-8FC3-6DBCE10BB08F}.Debug|Any CPU.Build.0 = Debug|Any CPU
		{341046D4-C684-4486-8FC3-6DBCE10BB08F}.Release|Any CPU.ActiveCfg = Release|Any CPU
		{341046D4-C684-4486-8FC3-6DBCE10BB08F}.Release|Any CPU.Build.0 = Release|Any CPU
	EndGlobalSection
	GlobalSection(SolutionProperties) = preSolution
		HideSolutionNode = FALSE
	EndGlobalSection
	GlobalSection(ExtensibilityGlobals) = postSolution
		SolutionGuid = {B1FCC81E-A084-4F6B-AA50-0D1EADCD19AA}
	EndGlobalSection
EndGlobal
